{
  "version": 4,
  "terraform_version": "1.9.8",
  "serial": 323,
  "lineage": "da9902b7-6b10-a68f-f51f-76df24ab1cc3",
  "outputs": {},
  "resources": [
    {
      "module": "module.rg_vm",
      "mode": "managed",
      "type": "azurerm_network_security_group",
      "name": "nsg",
      "provider": "module.rg_vm.provider[\"registry.terraform.io/hashicorp/azurerm\"]",
      "instances": [
        {
          "schema_version": 0,
          "attributes": {
            "id": "/subscriptions/3f1d2d3e-0a05-4a90-9848-6579533eee29/resourceGroups/tf-poc-rg/providers/Microsoft.Network/networkSecurityGroups/tf-poc-rg-nsg",
            "location": "centralindia",
            "name": "tf-poc-rg-nsg",
            "resource_group_name": "tf-poc-rg",
            "security_rule": [],
            "tags": {},
            "timeouts": null
          },
          "sensitive_attributes": [],
          "private": "eyJlMmJmYjczMC1lY2FhLTExZTYtOGY4OC0zNDM2M2JjN2M0YzAiOnsiY3JlYXRlIjoxODAwMDAwMDAwMDAwLCJkZWxldGUiOjE4MDAwMDAwMDAwMDAsInJlYWQiOjMwMDAwMDAwMDAwMCwidXBkYXRlIjoxODAwMDAwMDAwMDAwfX0=",
          "dependencies": [
            "module.rg_vm.azurerm_resource_group.rg"
          ]
        }
      ]
    },
    {
      "module": "module.rg_vm",
      "mode": "managed",
      "type": "azurerm_resource_group",
      "name": "rg",
      "provider": "module.rg_vm.provider[\"registry.terraform.io/hashicorp/azurerm\"]",
      "instances": [
        {
          "schema_version": 0,
          "attributes": {
            "id": "/subscriptions/3f1d2d3e-0a05-4a90-9848-6579533eee29/resourceGroups/tf-poc-rg",
            "location": "centralindia",
            "managed_by": "",
            "name": "tf-poc-rg",
            "tags": {},
            "timeouts": null
          },
          "sensitive_attributes": [],
          "private": "eyJlMmJmYjczMC1lY2FhLTExZTYtOGY4OC0zNDM2M2JjN2M0YzAiOnsiY3JlYXRlIjo1NDAwMDAwMDAwMDAwLCJkZWxldGUiOjU0MDAwMDAwMDAwMDAsInJlYWQiOjMwMDAwMDAwMDAwMCwidXBkYXRlIjo1NDAwMDAwMDAwMDAwfX0="
        }
      ]
    }
  ],
  "check_results": null
}
